cel.dev/expr v0.25.1 h1:1KrZg61W6TWSxuNZ37Xy49ps13NUovb66QLprthtwi4=
cel.dev/expr v0.25.1/go.mod h1:hrXvqGP6G6gyx8UAHSHJ5RGk//1Oj5nXQ2NI02Nrsg4=
cloud.google.com/go v0.123.0 h1:2NAUJwPR47q+E35uaJeYoNhuNEM9kM8SjgRgdeOJUSE=
cloud.google.com/go v0.123.0/go.mod h1:xBoMV08QcqUGuPW65Qfm1o9Y4zKZBpGS+7bImXLTAZU=
cloud.google.com/go/auth v0.20.0 h1:kXTssoVb4azsVDoUiF8KvxAqrsQcQtB53DcSgta74CA=
cloud.google.com/go/auth v0.20.0/go.mod h1:942/yi/itH1SsmpyrbnTMDgGfdy2BUqIKyd0cyYLc5Q=
cloud.google.com/go/auth/oauth2adapt v0.2.8 h1:keo8NaayQZ6wimpNSmW5OPc283g65QNIiLpZnkHRbnc=
cloud.google.com/go/auth/oauth2adapt v0.2.8/go.mod h1:XQ9y31RkqZCcwJWNSx2Xvric3RrU88hAYYbjDWYDL+c=
cloud.google.com/go/compute/metadata v0.9.0 h1:pDUj4QMoPejqq20dK0Pg2N4yG9zIkYGdBtwLoEkH9Zs=
cloud.google.com/go/compute/metadata v0.9.0/go.mod h1:E0bWwX5wTnLPedCKqk3pJmVgCBSM6qQI1yTBdEb3C10=
cloud.google.com/go/firestore v1.21.0 h1:BhopUsx7kh6NFx77ccRsHhrtkbJUmDAxNY3uapWdjcM=
cloud.google.com/go/firestore v1.21.0/go.mod h1:1xH6HNcnkf/gGyR8udd6pFO4Z7GWJSwLKQMx/u6UrP4=
cloud.google.com/go/firestore v1.22.0 h1:avooeboIq37vKXobrbPUFhFBxS/c3FqmWoX0xs8dO6E=
cloud.google.com/go/firestore v1.22.0/go.mod h1:PaM4i7i7ruALSKmlpHXXZaPObcZw0W7ie5UOPr72iTU=
cloud.google.com/go/iam v1.5.3 h1:+vMINPiDF2ognBJ97ABAYYwRgsaqxPbQDlMnbHMjolc=
cloud.google.com/go/iam v1.5.3/go.mod h1:MR3v9oLkZCTlaqljW6Eb2d3HGDGK5/bDv93jhfISFvU=
cloud.google.com/go/iam v1.9.0 h1:89wyjxT6DL4b5rk/Nk8eBC9DHqf+JiMstrn5IEYxFw4=
cloud.google.com/go/iam v1.9.0/go.mod h1:KP+nKGugNJW4LcLx1uEZcq1ok5sQHFaQehQNl4QDgV4=
cloud.google.com/go/logging v1.13.2 h1:qqlHCBvieJT9Cdq4QqYx1KPadCQ2noD4FK02eNqHAjA=
cloud.google.com/go/logging v1.13.2/go.mod h1:zaybliM3yun1J8mU2dVQ1/qDzjbOqEijZCn6hSBtKak=
cloud.google.com/go/logging v1.15.0 h1:6ooUEBNT6jdWh2b36+iuPn6b/R9qN/tHCbvGS5255gg=
cloud.google.com/go/longrunning v0.8.0 h1:LiKK77J3bx5gDLi4SMViHixjD2ohlkwBi+mKA7EhfW8=
cloud.google.com/go/longrunning v0.8.0/go.mod h1:UmErU2Onzi+fKDg2gR7dusz11Pe26aknR4kHmJJqIfk=
cloud.google.com/go/longrunning v0.11.0 h1:fE4XVLJQj+gRnw1HrbDyQXXgC0aiqY3wxP7DDU4cWk0=
cloud.google.com/go/longrunning v0.11.0/go.mod h1:8nqFBPOO1U/XkhWl0I19AMZEphrHi73VNABIpKYaTwM=
cloud.google.com/go/monitoring v1.24.3 h1:dde+gMNc0UhPZD1Azu6at2e79bfdztVDS5lvhOdsgaE=
cloud.google.com/go/monitoring v1.24.3/go.mod h1:nYP6W0tm3N9H/bOw8am7t62YTzZY+zUeQ+Bi6+2eonI=
cloud.google.com/go/monitoring v1.27.0 h1:BhYwMqao+e5Nn7JtWMM9m6zRtKtVUK6kJWMizXChkLU=
cloud.google.com/go/monitoring v1.27.0/go.mod h1:72NOVjJXHY/HBfoLT0+qlCZBT059+9VXLeAnL2PeeVM=
cloud.google.com/go/storage v1.56.0 h1:iixmq2Fse2tqxMbWhLWC9HfBj1qdxqAmiK8/eqtsLxI=
cloud.google.com/go/storage v1.56.0/go.mod h1:Tpuj6t4NweCLzlNbw9Z9iwxEkrSem20AetIeH/shgVU=
cloud.google.com/go/storage v1.62.1 h1:Os0G3XbUbjZumkpDUf2Y0rLoXJTCF1kU2kWUujKYXD8=
cloud.google.com/go/storage v1.62.1/go.mod h1:cpYz/kRVZ+UQAF1uHeea10/9ewcRbxGoGNKsS9daSXA=
cloud.google.com/go/trace v1.11.7 h1:kDNDX8JkaAG3R2nq1lIdkb7FCSi1rCmsEtKVsty7p+U=
cloud.google.com/go/trace v1.11.7/go.mod h1:TNn9d5V3fQVf6s4SCveVMIBS2LJUqo73GACmq/Tky0s=
cloud.google.com/go/trace v1.13.0 h1:RfqsqPOiSCG8ql50UZt5F65KrVa1zbY9mJrO7xvZfbE=
firebase.google.com/go/v4 v4.19.0 h1:f5NMlC2YHFsncz00c2+ecBr+ZYlRMhKIhj1z8Iz0lD8=
firebase.google.com/go/v4 v4.19.0/go.mod h1:P7UfBpzc8+Z3MckX79+zsWzKVfpGryr6HLbAe7gCWfs=
github.com/GoogleCloudPlatform/opentelemetry-operations-go/detectors/gcp v1.31.0 h1:DHa2U07rk8syqvCge0QIGMCE1WxGj9njT44GH7zNJLQ=
github.com/GoogleCloudPlatform/opentelemetry-operations-go/detectors/gcp v1.31.0/go.mod h1:P4WPRUkOhJC13W//jWpyfJNDAIpvRbAUIYLX/4jtlE0=
github.com/GoogleCloudPlatform/opentelemetry-operations-go/detectors/gcp v1.32.0 h1:rIkQfkCOVKc1OiRCNcSDD8ml5RJlZbH/Xsq7lbpynwc=
github.com/GoogleCloudPlatform/opentelemetry-operations-go/detectors/gcp v1.32.0/go.mod h1:RD2SsorTmYhF6HkTmDw7KmPYQk8OBYwTkuasChwv7R4=
github.com/GoogleCloudPlatform/opentelemetry-operations-go/exporter/metric v0.53.0 h1:owcC2UnmsZycprQ5RfRgjydWhuoxg71LUfyiQdijZuM=
github.com/GoogleCloudPlatform/opentelemetry-operations-go/exporter/metric v0.53.0/go.mod h1:ZPpqegjbE99EPKsu3iUWV22A04wzGPcAY/ziSIQEEgs=
github.com/GoogleCloudPlatform/opentelemetry-operations-go/exporter/metric v0.56.0 h1:O2sXMyJh8b7devAGdE+163xtRurt0RVpB6DIzX5vGfg=
github.com/GoogleCloudPlatform/opentelemetry-operations-go/exporter/metric v0.56.0/go.mod h1:hEpiGU18xf70qb3jbTcIggWAiEfX/cOIVc2OTe4OegA=
github.com/GoogleCloudPlatform/opentelemetry-operations-go/internal/cloudmock v0.53.0 h1:4LP6hvB4I5ouTbGgWtixJhgED6xdf67twf9PoY96Tbg=
github.com/GoogleCloudPlatform/opentelemetry-operations-go/internal/cloudmock v0.53.0/go.mod h1:jUZ5LYlw40WMd07qxcQJD5M40aUxrfwqQX1g7zxYnrQ=
github.com/GoogleCloudPlatform/opentelemetry-operations-go/internal/cloudmock v0.56.0 h1:ZIT85vKP7LBS84XJ0WdJ3dPOX3iz4j3c0+lpajGQMyo=
github.com/GoogleCloudPlatform/opentelemetry-operations-go/internal/resourcemapping v0.53.0 h1:Ron4zCA/yk6U7WOBXhTJcDpsUBG9npumK6xw2auFltQ=
github.com/GoogleCloudPlatform/opentelemetry-operations-go/internal/resourcemapping v0.53.0/go.mod h1:cSgYe11MCNYunTnRXrKiR/tHc0eoKjICUuWpNZoVCOo=
github.com/GoogleCloudPlatform/opentelemetry-operations-go/internal/resourcemapping v0.56.0 h1:0YP0+/ixwu+Uqeu/FGiBZNQ19huiUxxiPXIc9WsLKuQ=
github.com/GoogleCloudPlatform/opentelemetry-operations-go/internal/resourcemapping v0.56.0/go.mod h1:6ZZMQhZKDvUvkJw2rc+oDP90tMMzuU/J+5HG1ZmPOmE=
github.com/MicahParks/keyfunc v1.9.0 h1:lhKd5xrFHLNOWrDc4Tyb/Q1AJ4LCzQ48GVJyVIID3+o=
github.com/MicahParks/keyfunc v1.9.0/go.mod h1:IdnCilugA0O/99dW+/MkvlyrsX8+L8+x95xuVNtM5jw=
github.com/aws/aws-sdk-go v1.55.8 h1:JRmEUbU52aJQZ2AjX4q4Wu7t4uZjOu71uyNmaWlUkJQ=
github.com/aws/aws-sdk-go v1.55.8/go.mod h1:ZkViS9AqA6otK+JBBNH2++sx1sgxrPKcSzPPvQkUtXk=
github.com/beorn7/perks v1.0.1 h1:VlbKKnNfV8bJzeqoa4cOKqO6bYr3WgKZxO8Z16+hsOM=
github.com/beorn7/perks v1.0.1/go.mod h1:G2ZrVWU2WbWT9wwq4/hrbKbnv/1ERSJQ0ibhJ6rlkpw=
github.com/bxcodec/faker v2.0.1+incompatible h1:P0KUpUw5w6WJXwrPfv35oc91i4d8nf40Nwln+M/+faA=
github.com/bxcodec/faker v2.0.1+incompatible/go.mod h1:BNzfpVdTwnFJ6GtfYTcQu6l6rHShT+veBxNCnjCx5XM=
github.com/bytedance/gopkg v0.1.3 h1:TPBSwH8RsouGCBcMBktLt1AymVo2TVsBVCY4b6TnZ/M=
github.com/bytedance/gopkg v0.1.3/go.mod h1:576VvJ+eJgyCzdjS+c4+77QF3p7ubbtiKARP3TxducM=
github.com/bytedance/gopkg v0.1.4 h1:oZnQwnX82KAIWb7033bEwtxvTqXcYMxDBaQxo5JJHWM=
github.com/bytedance/gopkg v0.1.4/go.mod h1:v1zWfPm21Fb+OsyXN2VAHdL6TBb2L88anLQgdyje6R4=
github.com/bytedance/sonic v1.15.0 h1:/PXeWFaR5ElNcVE84U0dOHjiMHQOwNIx3K4ymzh/uSE=
github.com/bytedance/sonic v1.15.0/go.mod h1:tFkWrPz0/CUCLEF4ri4UkHekCIcdnkqXw9VduqpJh0k=
github.com/bytedance/sonic/loader v0.5.0 h1:gXH3KVnatgY7loH5/TkeVyXPfESoqSBSBEiDd5VjlgE=
github.com/bytedance/sonic/loader v0.5.0/go.mod h1:AR4NYCk5DdzZizZ5djGqQ92eEhCCcdf5x77udYiSJRo=
github.com/bytedance/sonic/loader v0.5.1 h1:Ygpfa9zwRCCKSlrp5bBP/b/Xzc3VxsAW+5NIYXrOOpI=
github.com/bytedance/sonic/loader v0.5.1/go.mod h1:AR4NYCk5DdzZizZ5djGqQ92eEhCCcdf5x77udYiSJRo=
github.com/cespare/xxhash/v2 v2.3.0 h1:UL815xU9SqsFlibzuggzjXhog7bL6oX9BbNZnL2UFvs=
github.com/cespare/xxhash/v2 v2.3.0/go.mod h1:VGX0DQ3Q6kWi7AoAeZDth3/j3BFtOZR5XLFGgcrjCOs=
github.com/cloudwego/base64x v0.1.6 h1:t11wG9AECkCDk5fMSoxmufanudBtJ+/HemLstXDLI2M=
github.com/cloudwego/base64x v0.1.6/go.mod h1:OFcloc187FXDaYHvrNIjxSe8ncn0OOM8gEHfghB2IPU=
github.com/cncf/xds/go v0.0.0-20251210132809-ee656c7534f5 h1:6xNmx7iTtyBRev0+D/Tv1FZd4SCg8axKApyNyRsAt/w=
github.com/cncf/xds/go v0.0.0-20251210132809-ee656c7534f5/go.mod h1:KdCmV+x/BuvyMxRnYBlmVaq4OLiKW6iRQfvC62cvdkI=
github.com/cncf/xds/go v0.0.0-20260202195803-dba9d589def2 h1:aBangftG7EVZoUb69Os8IaYg++6uMOdKK83QtkkvJik=
github.com/cncf/xds/go v0.0.0-20260202195803-dba9d589def2/go.mod h1:qwXFYgsP6T7XnJtbKlf1HP8AjxZZyzxMmc+Lq5GjlU4=
github.com/davecgh/go-spew v1.1.0/go.mod h1:J7Y8YcW2NihsgmVo/mv3lAwl/skON4iLHjSsI+c5H38=
github.com/davecgh/go-spew v1.1.1/go.mod h1:J7Y8YcW2NihsgmVo/mv3lAwl/skON4iLHjSsI+c5H38=
github.com/davecgh/go-spew v1.1.2-0.20180830191138-d8f796af33cc h1:U9qPSI2PIWSS1VwoXQT9A3Wy9MM3WgvqSxFWenqJduM=
github.com/davecgh/go-spew v1.1.2-0.20180830191138-d8f796af33cc/go.mod h1:J7Y8YcW2NihsgmVo/mv3lAwl/skON4iLHjSsI+c5H38=
github.com/envoyproxy/go-control-plane v0.14.0 h1:hbG2kr4RuFj222B6+7T83thSPqLjwBIfQawTkC++2HA=
github.com/envoyproxy/go-control-plane v0.14.0/go.mod h1:NcS5X47pLl/hfqxU70yPwL9ZMkUlwlKxtAohpi2wBEU=
github.com/envoyproxy/go-control-plane/envoy v1.36.0 h1:yg/JjO5E7ubRyKX3m07GF3reDNEnfOboJ0QySbH736g=
github.com/envoyproxy/go-control-plane/envoy v1.36.0/go.mod h1:ty89S1YCCVruQAm9OtKeEkQLTb+Lkz0k8v9W0Oxsv98=
github.com/envoyproxy/go-control-plane/envoy v1.37.0 h1:u3riX6BoYRfF4Dr7dwSOroNfdSbEPe9Yyl09/B6wBrQ=
github.com/envoyproxy/go-control-plane/envoy v1.37.0/go.mod h1:DReE9MMrmecPy+YvQOAOHNYMALuowAnbjjEMkkWOi6A=
github.com/envoyproxy/go-control-plane/ratelimit v0.1.0 h1:/G9QYbddjL25KvtKTv3an9lx6VBE2cnb8wp1vEGNYGI=
github.com/envoyproxy/go-control-plane/ratelimit v0.1.0/go.mod h1:Wk+tMFAFbCXaJPzVVHnPgRKdUdwW/KdbRt94AzgRee4=
github.com/envoyproxy/protoc-gen-validate v1.3.0 h1:TvGH1wof4H33rezVKWSpqKz5NXWg5VPuZ0uONDT6eb4=
github.com/envoyproxy/protoc-gen-validate v1.3.0/go.mod h1:HvYl7zwPa5mffgyeTUHA9zHIH36nmrm7oCbo4YKoSWA=
github.com/envoyproxy/protoc-gen-validate v1.3.3 h1:MVQghNeW+LZcmXe7SY1V36Z+WFMDjpqGAGacLe2T0ds=
github.com/envoyproxy/protoc-gen-validate v1.3.3/go.mod h1:TsndJ/ngyIdQRhMcVVGDDHINPLWB7C82oDArY51KfB0=
github.com/felixge/httpsnoop v1.0.4 h1:NFTV2Zj1bL4mc9sqWACXbQFVBBg2W3GPvqp8/ESS2Wg=
github.com/felixge/httpsnoop v1.0.4/go.mod h1:m8KPJKqk1gH5J9DgRY2ASl2lWCfGKXixSwevea8zH2U=
github.com/gabriel-vasile/mimetype v1.4.12 h1:e9hWvmLYvtp846tLHam2o++qitpguFiYCKbn0w9jyqw=
github.com/gabriel-vasile/mimetype v1.4.12/go.mod h1:d+9Oxyo1wTzWdyVUPMmXFvp4F9tea18J8ufA774AB3s=
github.com/gabriel-vasile/mimetype v1.4.13 h1:46nXokslUBsAJE/wMsp5gtO500a4F3Nkz9Ufpk2AcUM=
github.com/gabriel-vasile/mimetype v1.4.13/go.mod h1:d+9Oxyo1wTzWdyVUPMmXFvp4F9tea18J8ufA774AB3s=
github.com/gin-contrib/cors v1.7.7 h1:Oh9joP463x7Mw72vhvJ61YQm8ODh9b04YR7vsOErD0Q=
github.com/gin-contrib/cors v1.7.7/go.mod h1:K5tW0RkzJtWSiOdikXloy8VEZlgdVNpHNw8FpjUPNrE=
github.com/gin-contrib/sse v1.1.0 h1:n0w2GMuUpWDVp7qSpvze6fAu9iRxJY4Hmj6AmBOU05w=
github.com/gin-contrib/sse v1.1.0/go.mod h1:hxRZ5gVpWMT7Z0B0gSNYqqsSCNIJMjzvm6fqCz9vjwM=
github.com/gin-contrib/sse v1.1.1 h1:uGYpNwTacv5R68bSGMapo62iLTRa9l5zxGCps4hK6ko=
github.com/gin-contrib/sse v1.1.1/go.mod h1:QXzuVkA0YO7o/gun03UI1Q+FTI8ZV/n5t03kIQAI89s=
github.com/gin-gonic/gin v1.12.0 h1:b3YAbrZtnf8N//yjKeU2+MQsh2mY5htkZidOM7O0wG8=
github.com/gin-gonic/gin v1.12.0/go.mod h1:VxccKfsSllpKshkBWgVgRniFFAzFb9csfngsqANjnLc=
github.com/go-jose/go-jose/v4 v4.1.3 h1:CVLmWDhDVRa6Mi/IgCgaopNosCaHz7zrMeF9MlZRkrs=
github.com/go-jose/go-jose/v4 v4.1.3/go.mod h1:x4oUasVrzR7071A4TnHLGSPpNOm2a21K9Kf04k1rs08=
github.com/go-jose/go-jose/v4 v4.1.4 h1:moDMcTHmvE6Groj34emNPLs/qtYXRVcd6S7NHbHz3kA=
github.com/go-jose/go-jose/v4 v4.1.4/go.mod h1:x4oUasVrzR7071A4TnHLGSPpNOm2a21K9Kf04k1rs08=
github.com/go-logr/logr v1.2.2/go.mod h1:jdQByPbusPIv2/zmleS9BjJVeZ6kBagPoEUsqbVz/1A=
github.com/go-logr/logr v1.4.3 h1:CjnDlHq8ikf6E492q6eKboGOC0T8CDaOvkHCIg8idEI=
github.com/go-logr/logr v1.4.3/go.mod h1:9T104GzyrTigFIr8wt5mBrctHMim0Nb2HLGrmQ40KvY=
github.com/go-logr/stdr v1.2.2 h1:hSWxHoqTgW2S2qGc0LTAI563KZ5YKYRhT3MFKZMbjag=
github.com/go-logr/stdr v1.2.2/go.mod h1:mMo/vtBO5dYbehREoey6XUKy/eSumjCCveDpRre4VKE=
github.com/go-playground/assert/v2 v2.2.0 h1:JvknZsQTYeFEAhQwI4qEt9cyV5ONwRHC+lYKSsYSR8s=
github.com/go-playground/assert/v2 v2.2.0/go.mod h1:VDjEfimB/XKnb+ZQfWdccd7VUvScMdVu0Titje2rxJ4=
github.com/go-playground/locales v0.14.1 h1:EWaQ/wswjilfKLTECiXz7Rh+3BjFhfDFKv/oXslEjJA=
github.com/go-playground/locales v0.14.1/go.mod h1:hxrqLVvrK65+Rwrd5Fc6F2O76J/NuW9t0sjnWqG1slY=
github.com/go-playground/universal-translator v0.18.1 h1:Bcnm0ZwsGyWbCzImXv+pAJnYK9S473LQFuzCbDbfSFY=
github.com/go-playground/universal-translator v0.18.1/go.mod h1:xekY+UJKNuX9WP91TpwSH2VMlDf28Uj24BCp08ZFTUY=
github.com/go-playground/validator/v10 v10.30.1 h1:f3zDSN/zOma+w6+1Wswgd9fLkdwy06ntQJp0BBvFG0w=
github.com/go-playground/validator/v10 v10.30.1/go.mod h1:oSuBIQzuJxL//3MelwSLD5hc2Tu889bF0Idm9Dg26cM=
github.com/go-playground/validator/v10 v10.30.2 h1:JiFIMtSSHb2/XBUbWM4i/MpeQm9ZK2xqPNk8vgvu5JQ=
github.com/go-playground/validator/v10 v10.30.2/go.mod h1:mAf2pIOVXjTEBrwUMGKkCWKKPs9NheYGabeB04txQSc=
github.com/go-telegram-bot-api/telegram-bot-api/v5 v5.5.1 h1:wG8n/XJQ07TmjbITcGiUaOtXxdrINDz1b0J1w0SzqDc=
github.com/go-telegram-bot-api/telegram-bot-api/v5 v5.5.1/go.mod h1:A2S0CWkNylc2phvKXWBBdD3K0iGnDBGbzRpISP2zBl8=
github.com/goccy/go-json v0.10.5 h1:Fq85nIqj+gXn/S5ahsiTlK3TmC85qgirsdTP/+DeaC4=
github.com/goccy/go-json v0.10.5/go.mod h1:oq7eo15ShAhp70Anwd5lgX2pLfOS3QCiwU/PULtXL6M=
github.com/goccy/go-json v0.10.6 h1:p8HrPJzOakx/mn/bQtjgNjdTcN+/S6FcG2CTtQOrHVU=
github.com/goccy/go-json v0.10.6/go.mod h1:oq7eo15ShAhp70Anwd5lgX2pLfOS3QCiwU/PULtXL6M=
github.com/goccy/go-yaml v1.19.2 h1:PmFC1S6h8ljIz6gMRBopkjP1TVT7xuwrButHID66PoM=
github.com/goccy/go-yaml v1.19.2/go.mod h1:XBurs7gK8ATbW4ZPGKgcbrY1Br56PdM69F7LkFRi1kA=
github.com/golang-jwt/jwt/v4 v4.4.2/go.mod h1:m21LjoU+eqJr34lmDMbreY2eSTRJ1cv77w39/MY0Ch0=
github.com/golang-jwt/jwt/v4 v4.5.2 h1:YtQM7lnr8iZ+j5q71MGKkNw9Mn7AjHM68uc9g5fXeUI=
github.com/golang-jwt/jwt/v4 v4.5.2/go.mod h1:m21LjoU+eqJr34lmDMbreY2eSTRJ1cv77w39/MY0Ch0=
github.com/golang-jwt/jwt/v5 v5.3.0 h1:pv4AsKCKKZuqlgs5sUmn4x8UlGa0kEVt/puTpKx9vvo=
github.com/golang-jwt/jwt/v5 v5.3.0/go.mod h1:fxCRLWMO43lRc8nhHWY6LGqRcf+1gQWArsqaEUEa5bE=
github.com/golang-jwt/jwt/v5 v5.3.1 h1:kYf81DTWFe7t+1VvL7eS+jKFVWaUnK9cB1qbwn63YCY=
github.com/golang-jwt/jwt/v5 v5.3.1/go.mod h1:fxCRLWMO43lRc8nhHWY6LGqRcf+1gQWArsqaEUEa5bE=
github.com/golang/mock v1.6.0 h1:ErTB+efbowRARo13NNdxyJji2egdxLGQhRaY+DUumQc=
github.com/golang/mock v1.6.0/go.mod h1:p6yTPP+5HYm5mzsMV8JkE6ZKdX+/wYM6Hr+LicevLPs=
github.com/golang/protobuf v1.5.0/go.mod h1:FsONVRAS9T7sI+LIUmWTfcYkHO4aIWwzhcaSAoJOfIk=
github.com/golang/protobuf v1.5.4 h1:i7eJL8qZTpSEXOPTxNKhASYpMn+8e5Q6AdndVa1dWek=
github.com/golang/protobuf v1.5.4/go.mod h1:lnTiLA8Wa4RWRcIUkrtSVa5nRhsEGBg48fD6rSs7xps=
github.com/google/go-cmp v0.5.5/go.mod h1:v8dTdLbMG2kIc/vJvl+f65V22dbkXbowE6jgT/gNBxE=
github.com/google/go-cmp v0.7.0 h1:wk8382ETsv4JYUZwIsn6YpYiWiBsYLSJiTsyBybVuN8=
github.com/google/go-cmp v0.7.0/go.mod h1:pXiqmnSA92OHEEa9HXL2W4E7lf9JzCmGVUdgjX3N/iU=
github.com/google/gofuzz v1.0.0/go.mod h1:dBl0BpW6vV/+mYPU4Po3pmUjxk6FQPldtuIdl/M65Eg=
github.com/google/martian/v3 v3.3.3 h1:DIhPTQrbPkgs2yJYdXU/eNACCG5DVQjySNRNlflZ9Fc=
github.com/google/martian/v3 v3.3.3/go.mod h1:iEPrYcgCF7jA9OtScMFQyAlZZ4YXTKEtJ1E6RWzmBA0=
github.com/google/s2a-go v0.1.9 h1:LGD7gtMgezd8a/Xak7mEWL0PjoTQFvpRudN895yqKW0=
github.com/google/s2a-go v0.1.9/go.mod h1:YA0Ei2ZQL3acow2O62kdp9UlnvMmU7kA6Eutn0dXayM=
github.com/google/uuid v1.6.0 h1:NIvaJDMOsjHA8n1jAhLSgzrAzy1Hgr+hNrb57e+94F0=
github.com/google/uuid v1.6.0/go.mod h1:TIyPZe4MgqvfeYDBFedMoGGpEw/LqOeaOT+nhxU+yHo=
github.com/googleapis/enterprise-certificate-proxy v0.3.14 h1:yh8ncqsbUY4shRD5dA6RlzjJaT4hi3kII+zYw8wmLb8=
github.com/googleapis/enterprise-certificate-proxy v0.3.14/go.mod h1:vqVt9yG9480NtzREnTlmGSBmFrA+bzb0yl0TxoBQXOg=
github.com/googleapis/enterprise-certificate-proxy v0.3.15 h1:xolVQTEXusUcAA5UgtyRLjelpFFHWlPQ4XfWGc7MBas=
github.com/googleapis/enterprise-certificate-proxy v0.3.15/go.mod h1:vqVt9yG9480NtzREnTlmGSBmFrA+bzb0yl0TxoBQXOg=
github.com/googleapis/gax-go/v2 v2.21.0 h1:h45NjjzEO3faG9Lg/cFrBh2PgegVVgzqKzuZl/wMbiI=
github.com/googleapis/gax-go/v2 v2.21.0/go.mod h1:But/NJU6TnZsrLai/xBAQLLz+Hc7fHZJt/hsCz3Fih4=
github.com/googleapis/gax-go/v2 v2.22.0 h1:PjIWBpgGIVKGoCXuiCoP64altEJCj3/Ei+kSU5vlZD4=
github.com/googleapis/gax-go/v2 v2.22.0/go.mod h1:irWBbALSr0Sk3qlqb9SyJ1h68WjgeFuiOzI4Rqw5+aY=
github.com/h2non/parth v0.0.0-20190131123155-b4df798d6542 h1:2VTzZjLZBgl62/EtslCrtky5vbi9dd7HrQPQIx6wqiw=
github.com/h2non/parth v0.0.0-20190131123155-b4df798d6542/go.mod h1:Ow0tF8D4Kplbc8s8sSb3V2oUCygFHVp8gC3Dn6U4MNI=
github.com/jmespath/go-jmespath v0.4.0 h1:BEgLn5cpjn8UN1mAw4NjwDrS35OdebyEtFe+9YPoQUg=
github.com/jmespath/go-jmespath v0.4.0/go.mod h1:T8mJZnbsbmF+m6zOOFylbeCJqk5+pHWvzYPziyZiYoo=
github.com/jmespath/go-jmespath/internal/testify v1.5.1 h1:shLQSRRSCCPj3f2gpwzGwWFoC7ycTf1rcQZHOlsJ6N8=
github.com/jmespath/go-jmespath/internal/testify v1.5.1/go.mod h1:L3OGu8Wl2/fWfCI6z80xFu9LTZmf1ZRjMHUOPmWr69U=
github.com/json-iterator/go v1.1.12 h1:PV8peI4a0ysnczrg+LtxykD8LfKY9ML6u2jnxaEnrnM=
github.com/json-iterator/go v1.1.12/go.mod h1:e30LSqwooZae/UwlEbR2852Gd8hjQvJoHmT4TnhNGBo=
github.com/klauspost/compress v1.18.1 h1:bcSGx7UbpBqMChDtsF28Lw6v/G94LPrrbMbdC3JH2co=
github.com/klauspost/compress v1.18.1/go.mod h1:ZQFFVG+MdnR0P+l6wpXgIL4NTtwiKIdBnrBd8Nrxr+0=
github.com/klauspost/compress v1.18.5 h1:/h1gH5Ce+VWNLSWqPzOVn6XBO+vJbCNGvjoaGBFW2IE=
github.com/klauspost/compress v1.18.5/go.mod h1:cwPg85FWrGar70rWktvGQj8/hthj3wpl0PGDogxkrSQ=
github.com/klauspost/cpuid/v2 v2.3.0 h1:S4CRMLnYUhGeDFDqkGriYKdfoFlDnMtqTiI/sFzhA9Y=
github.com/klauspost/cpuid/v2 v2.3.0/go.mod h1:hqwkgyIinND0mEev00jJYCxPNVRVXFQeu1XKlok6oO0=
github.com/kr/pretty v0.3.1 h1:flRD4NNwYAUpkphVc1HcthR4KEIFJ65n8Mw5qdRn3LE=
github.com/kr/pretty v0.3.1/go.mod h1:hoEshYVHaxMs3cyo3Yncou5ZscifuDolrwPKZanG3xk=
github.com/kr/text v0.2.0 h1:5Nx0Ya0ZqY2ygV366QzturHI13Jq95ApcVaJBhpS+AY=
github.com/kr/text v0.2.0/go.mod h1:eLer722TekiGuMkidMxC/pM04lWEeraHUUmBw8l2grE=
github.com/kylelemons/godebug v1.1.0 h1:RPNrshWIDI6G2gRW9EHilWtl7Z6Sb1BR0xunSBf0SNc=
github.com/kylelemons/godebug v1.1.0/go.mod h1:9/0rRGxNHcop5bhtWyNeEfOS8JIWk580+fNqagV/RAw=
github.com/leodido/go-urn v1.4.0 h1:WT9HwE9SGECu3lg4d/dIA+jxlljEa1/ffXKmRjqdmIQ=
github.com/leodido/go-urn v1.4.0/go.mod h1:bvxc+MVxLKB4z00jd1z+Dvzr47oO32F/QSNjSBOlFxI=
github.com/localtunnel/go-localtunnel v0.0.0-20170326223115-8a804488f275 h1:IZycmTpoUtQK3PD60UYBwjaCUHUP7cML494ao9/O8+Q=
github.com/localtunnel/go-localtunnel v0.0.0-20170326223115-8a804488f275/go.mod h1:zt6UU74K6Z6oMOYJbJzYpYucqdcQwSMPBEdSvGiaUMw=
github.com/mattn/go-isatty v0.0.20 h1:xfD0iDuEKnDkl03q4limB+vH+GxLEtL/jb4xVJSWWEY=
github.com/mattn/go-isatty v0.0.20/go.mod h1:W+V8PltTTMOvKvAeJH7IuucS94S2C6jfK/D7dTCTo3Y=
github.com/mattn/go-isatty v0.0.21 h1:xYae+lCNBP7QuW4PUnNG61ffM4hVIfm+zUzDuSzYLGs=
github.com/mattn/go-isatty v0.0.21/go.mod h1:ZXfXG4SQHsB/w3ZeOYbR0PrPwLy+n6xiMrJlRFqopa4=
github.com/modern-go/concurrent v0.0.0-20180228061459-e0a39a4cb421/go.mod h1:6dJC0mAP4ikYIbvyc7fijjWJddQyLn8Ig3JB5CqoB9Q=
github.com/modern-go/concurrent v0.0.0-20180306012644-bacd9c7ef1dd h1:TRLaZ9cD/w8PVh93nsPXa1VrQ6jlwL5oN8l14QlcNfg=
github.com/modern-go/concurrent v0.0.0-20180306012644-bacd9c7ef1dd/go.mod h1:6dJC0mAP4ikYIbvyc7fijjWJddQyLn8Ig3JB5CqoB9Q=
github.com/modern-go/reflect2 v1.0.2 h1:xBagoLtFs94CBntxluKeaWgTMpvLxC4ur3nMaC9Gz0M=
github.com/modern-go/reflect2 v1.0.2/go.mod h1:yWuevngMOJpCy52FWWMvUC8ws7m/LJsjYzDa0/r8luk=
github.com/munnerz/goautoneg v0.0.0-20191010083416-a7dc8b61c822 h1:C3w9PqII01/Oq1c1nUAm88MOHcQC9l5mIlSMApZMrHA=
github.com/munnerz/goautoneg v0.0.0-20191010083416-a7dc8b61c822/go.mod h1:+n7T8mK8HuQTcFwEeznm/DIxMOiR9yIdICNftLE1DvQ=
github.com/nbio/st v0.0.0-20140626010706-e9e8d9816f32 h1:W6apQkHrMkS0Muv8G/TipAy/FJl/rCYT0+EuS8+Z0z4=
github.com/nbio/st v0.0.0-20140626010706-e9e8d9816f32/go.mod h1:9wM+0iRr9ahx58uYLpLIr5fm8diHn0JbqRycJi6w0Ms=
github.com/openzipkin/zipkin-go v0.4.3 h1:9EGwpqkgnwdEIJ+Od7QVSEIH+ocmm5nPat0G7sjsSdg=
github.com/openzipkin/zipkin-go v0.4.3/go.mod h1:M9wCJZFWCo2RiY+o1eBCEMe0Dp2S5LDHcMZmk3RmK7c=
github.com/pelletier/go-toml/v2 v2.2.4 h1:mye9XuhQ6gvn5h28+VilKrrPoQVanw5PMw/TB0t5Ec4=
github.com/pelletier/go-toml/v2 v2.2.4/go.mod h1:2gIqNv+qfxSVS7cM2xJQKtLSTLUE9V8t9Stt+h56mCY=
github.com/pelletier/go-toml/v2 v2.3.0 h1:k59bC/lIZREW0/iVaQR8nDHxVq8OVlIzYCOJf421CaM=
github.com/pelletier/go-toml/v2 v2.3.0/go.mod h1:2gIqNv+qfxSVS7cM2xJQKtLSTLUE9V8t9Stt+h56mCY=
github.com/pierrec/lz4/v4 v4.1.22 h1:cKFw6uJDK+/gfw5BcDL0JL5aBsAFdsIT18eRtLj7VIU=
github.com/pierrec/lz4/v4 v4.1.22/go.mod h1:gZWDp/Ze/IJXGXf23ltt2EXimqmTUXEy0GFuRQyBid4=
github.com/pierrec/lz4/v4 v4.1.26 h1:GrpZw1gZttORinvzBdXPUXATeqlJjqUG/D87TKMnhjY=
github.com/pierrec/lz4/v4 v4.1.26/go.mod h1:EoQMVJgeeEOMsCqCzqFm2O0cJvljX2nGZjcRIPL34O4=
github.com/pkg/errors v0.9.1 h1:FEBLx1zS214owpjy7qsBeixbURkuhQAwrK5UwLGTwt4=
github.com/pkg/errors v0.9.1/go.mod h1:bwawxfHBFNV+L2hUp1rHADufV3IMtnDRdf1r5NINEl0=
github.com/planetscale/vtprotobuf v0.6.1-0.20240319094008-0393e58bdf10 h1:GFCKgmp0tecUJ0sJuv4pzYCqS9+RGSn52M3FUwPs+uo=
github.com/planetscale/vtprotobuf v0.6.1-0.20240319094008-0393e58bdf10/go.mod h1:t/avpk3KcrXxUnYOhZhMXJlSEyie6gQbtLq5NM3loB8=
github.com/pmezard/go-difflib v1.0.0/go.mod h1:iKH77koFhYxTK1pcRnkKkqfTogsbg7gZNVY4sRDYZ/4=
github.com/pmezard/go-difflib v1.0.1-0.20181226105442-5d4384ee4fb2 h1:Jamvg5psRIccs7FGNTlIRMkT8wgtp5eCXdBlqhYGL6U=
github.com/pmezard/go-difflib v1.0.1-0.20181226105442-5d4384ee4fb2/go.mod h1:iKH77koFhYxTK1pcRnkKkqfTogsbg7gZNVY4sRDYZ/4=
github.com/prometheus/client_golang v1.23.2 h1:Je96obch5RDVy3FDMndoUsjAhG5Edi49h0RJWRi/o0o=
github.com/prometheus/client_golang v1.23.2/go.mod h1:Tb1a6LWHB3/SPIzCoaDXI4I8UHKeFTEQ1YCr+0Gyqmg=
github.com/prometheus/client_model v0.6.2 h1:oBsgwpGs7iVziMvrGhE53c/GrLUsZdHnqNwqPLxwZyk=
github.com/prometheus/client_model v0.6.2/go.mod h1:y3m2F6Gdpfy6Ut/GBsUqTWZqCUvMVzSfMLjcu6wAwpE=
github.com/prometheus/common v0.67.1 h1:OTSON1P4DNxzTg4hmKCc37o4ZAZDv0cfXLkOt0oEowI=
github.com/prometheus/common v0.67.1/go.mod h1:RpmT9v35q2Y+lsieQsdOh5sXZ6ajUGC8NjZAmr8vb0Q=
github.com/prometheus/common v0.67.5 h1:pIgK94WWlQt1WLwAC5j2ynLaBRDiinoAb86HZHTUGI4=
github.com/prometheus/common v0.67.5/go.mod h1:SjE/0MzDEEAyrdr5Gqc6G+sXI67maCxzaT3A2+HqjUw=
github.com/prometheus/procfs v0.18.0 h1:2QTA9cKdznfYJz7EDaa7IiJobHuV7E1WzeBwcrhk0ao=
github.com/prometheus/procfs v0.18.0/go.mod h1:M0aotyiemPhBCM0z5w87kL22CxfcH05ZpYlu+b4J7mw=
github.com/prometheus/procfs v0.20.1 h1:XwbrGOIplXW/AU3YhIhLODXMJYyC1isLFfYCsTEycfc=
github.com/prometheus/procfs v0.20.1/go.mod h1:o9EMBZGRyvDrSPH1RqdxhojkuXstoe4UlK79eF5TGGo=
github.com/quic-go/qpack v0.6.0 h1:g7W+BMYynC1LbYLSqRt8PBg5Tgwxn214ZZR34VIOjz8=
github.com/quic-go/qpack v0.6.0/go.mod h1:lUpLKChi8njB4ty2bFLX2x4gzDqXwUpaO1DP9qMDZII=
github.com/quic-go/quic-go v0.59.0 h1:OLJkp1Mlm/aS7dpKgTc6cnpynnD2Xg7C1pwL6vy/SAw=
github.com/quic-go/quic-go v0.59.0/go.mod h1:upnsH4Ju1YkqpLXC305eW3yDZ4NfnNbmQRCMWS58IKU=
github.com/rogpeppe/go-internal v1.14.1 h1:UQB4HGPB6osV0SQTLymcB4TgvyWu6ZyliaW0tI/otEQ=
github.com/rogpeppe/go-internal v1.14.1/go.mod h1:MaRKkUm5W0goXpeCfT7UZI6fk/L7L7so1lCWt35ZSgc=
github.com/segmentio/kafka-go v0.4.50 h1:mcyC3tT5WeyWzrFbd6O374t+hmcu1NKt2Pu1L3QaXmc=
github.com/segmentio/kafka-go v0.4.50/go.mod h1:Y1gn60kzLEEaW28YshXyk2+VCUKbJ3Qr6DrnT3i4+9E=
github.com/spiffe/go-spiffe/v2 v2.6.0 h1:l+DolpxNWYgruGQVV0xsfeya3CsC7m8iBzDnMpsbLuo=
github.com/spiffe/go-spiffe/v2 v2.6.0/go.mod h1:gm2SeUoMZEtpnzPNs2Csc0D/gX33k1xIx7lEzqblHEs=
github.com/stretchr/objx v0.1.0/go.mod h1:HFkY916IF+rwdDfMAkV7OtwuqBVzrE8GR6GFx+wExME=
github.com/stretchr/objx v0.4.0/go.mod h1:YvHI0jy2hoMjB+UWwv71VJQ9isScKT/TqJzVSSt89Yw=
github.com/stretchr/objx v0.5.0/go.mod h1:Yh+to48EsGEfYuaHDzXPcE3xhTkx73EhmCGUpEOglKo=
github.com/stretchr/objx v0.5.2/go.mod h1:FRsXN1f5AsAjCGJKqEizvkpNtU+EGNCLh3NxZ/8L+MA=
github.com/stretchr/objx v0.5.3 h1:jmXUvGomnU1o3W/V5h2VEradbpJDwGrzugQQvL0POH4=
github.com/stretchr/objx v0.5.3/go.mod h1:rDQraq+vQZU7Fde9LOZLr8Tax6zZvy4kuNKF+QYS+U0=
github.com/stretchr/testify v1.3.0/go.mod h1:M5WIy9Dh21IEIfnGCwXGc5bZfKNJtfHm1UVUgZn+9EI=
github.com/stretchr/testify v1.7.1/go.mod h1:6Fq8oRcR53rry900zMqJjRRixrwX3KX962/h/Wwjteg=
github.com/stretchr/testify v1.8.0/go.mod h1:yNjHg4UonilssWZ8iaSj1OCr/vHnekPRkoO+kdMU+MU=
github.com/stretchr/testify v1.8.4/go.mod h1:sz/lmYIOXD/1dqDmKjjqLyZ2RngseejIcXlSw2iwfAo=
github.com/stretchr/testify v1.10.0/go.mod h1:r2ic/lqez/lEtzL7wO/rwa5dbSLXVDPFyf8C91i36aY=
github.com/stretchr/testify v1.11.1 h1:7s2iGBzp5EwR7/aIZr8ao5+dra3wiQyKjjFuvgVKu7U=
github.com/stretchr/testify v1.11.1/go.mod h1:wZwfW3scLgRK+23gO65QZefKpKQRnfz6sD981Nm4B6U=
github.com/twilio/twilio-go v1.30.5 h1:hi6+2kMte29zrFBsw7VSSNtbF30GPMGz/4LRIUgXng8=
github.com/twilio/twilio-go v1.30.5/go.mod h1:QbitvbvtkV77Jn4BABAKVmxabYSjMyQG4tHey9gfPqg=
github.com/twitchyliquid64/golang-asm v0.15.1 h1:SU5vSMR7hnwNxj24w34ZyCi/FmDZTkS4MhqMhdFk5YI=
github.com/twitchyliquid64/golang-asm v0.15.1/go.mod h1:a1lVb/DtPvCB8fslRZhAngC2+aY1QWCk3Cedj/Gdt08=
github.com/ugorji/go/codec v1.3.1 h1:waO7eEiFDwidsBN6agj1vJQ4AG7lh2yqXyOXqhgQuyY=
github.com/ugorji/go/codec v1.3.1/go.mod h1:pRBVtBSKl77K30Bv8R2P+cLSGaTtex6fsA2Wjqmfxj4=
github.com/xdg-go/pbkdf2 v1.0.0 h1:Su7DPu48wXMwC3bs7MCNG+z4FhcyEuz5dlvchbq0B0c=
github.com/xdg-go/pbkdf2 v1.0.0/go.mod h1:jrpuAogTd400dnrH08LKmI/xc1MbPOebTwRqcT5RDeI=
github.com/xdg-go/scram v1.2.0 h1:bYKF2AEwG5rqd1BumT4gAnvwU/M9nBp2pTSxeZw7Wvs=
github.com/xdg-go/scram v1.2.0/go.mod h1:3dlrS0iBaWKYVt2ZfA4cj48umJZ+cAEbR6/SjLA88I8=
github.com/xdg-go/stringprep v1.0.4 h1:XLI/Ng3O1Atzq0oBs3TWm+5ZVgkq2aqdlvP9JtoZ6c8=
github.com/xdg-go/stringprep v1.0.4/go.mod h1:mPGuuIYwz7CmR2bT9j4GbQqutWS1zV24gijq1dTyGkM=
github.com/yuin/goldmark v1.3.5/go.mod h1:mwnBkeHKe2W/ZEtQ+71ViKU8L12m81fl3OWwC1Zlc8k=
github.com/yuin/goldmark v1.4.13/go.mod h1:6yULJ656Px+3vBD8DxQVa3kxgyrAnzto9xy5taEt/CY=
go.mongodb.org/mongo-driver/v2 v2.5.0 h1:yXUhImUjjAInNcpTcAlPHiT7bIXhshCTL3jVBkF3xaE=
go.mongodb.org/mongo-driver/v2 v2.5.0/go.mod h1:yOI9kBsufol30iFsl1slpdq1I0eHPzybRWdyYUs8K/0=
go.mongodb.org/mongo-driver/v2 v2.5.1 h1:j2U/Qp+wvueSpqitLCSZPT/+ZpVc1xzuwdHWwl7d8ro=
go.mongodb.org/mongo-driver/v2 v2.5.1/go.mod h1:yOI9kBsufol30iFsl1slpdq1I0eHPzybRWdyYUs8K/0=
go.opentelemetry.io/auto/sdk v1.2.1 h1:jXsnJ4Lmnqd11kwkBV2LgLoFMZKizbCi5fNZ/ipaZ64=
go.opentelemetry.io/auto/sdk v1.2.1/go.mod h1:KRTj+aOaElaLi+wW1kO/DZRXwkF4C5xPbEe3ZiIhN7Y=
go.opentelemetry.io/contrib/detectors/gcp v1.39.0 h1:kWRNZMsfBHZ+uHjiH4y7Etn2FK26LAGkNFw7RHv1DhE=
go.opentelemetry.io/contrib/detectors/gcp v1.39.0/go.mod h1:t/OGqzHBa5v6RHZwrDBJ2OirWc+4q/w2fTbLZwAKjTk=
go.opentelemetry.io/contrib/detectors/gcp v1.43.0 h1:62yY3dT7/ShwOxzA0RsKRgshBmfElKI4d/Myu2OxDFU=
go.opentelemetry.io/contrib/detectors/gcp v1.43.0/go.mod h1:RyaZMFY7yi1kAs45S6mbFGz8O8rqB0dTY14uzvG4LCs=
go.opentelemetry.io/contrib/instrumentation/google.golang.org/grpc/otelgrpc v0.67.0 h1:yI1/OhfEPy7J9eoa6Sj051C7n5dvpj0QX8g4sRchg04=
go.opentelemetry.io/contrib/instrumentation/google.golang.org/grpc/otelgrpc v0.67.0/go.mod h1:NoUCKYWK+3ecatC4HjkRktREheMeEtrXoQxrqYFeHSc=
go.opentelemetry.io/contrib/instrumentation/google.golang.org/grpc/otelgrpc v0.68.0 h1:0Qx7VGBacMm9ZENQ7TnNObTYI4ShC+lHI16seduaxZo=
go.opentelemetry.io/contrib/instrumentation/google.golang.org/grpc/otelgrpc v0.68.0/go.mod h1:Sje3i3MjSPKTSPvVWCaL8ugBzJwik3u4smCjUeuupqg=
go.opentelemetry.io/contrib/instrumentation/net/http/otelhttp v0.67.0 h1:OyrsyzuttWTSur2qN/Lm0m2a8yqyIjUVBZcxFPuXq2o=
go.opentelemetry.io/contrib/instrumentation/net/http/otelhttp v0.67.0/go.mod h1:C2NGBr+kAB4bk3xtMXfZ94gqFDtg/GkI7e9zqGh5Beg=
go.opentelemetry.io/contrib/instrumentation/net/http/otelhttp v0.68.0 h1:CqXxU8VOmDefoh0+ztfGaymYbhdB/tT3zs79QaZTNGY=
go.opentelemetry.io/contrib/instrumentation/net/http/otelhttp v0.68.0/go.mod h1:BuhAPThV8PBHBvg8ZzZ/Ok3idOdhWIodywz2xEcRbJo=
go.opentelemetry.io/otel v1.43.0 h1:mYIM03dnh5zfN7HautFE4ieIig9amkNANT+xcVxAj9I=
go.opentelemetry.io/otel v1.43.0/go.mod h1:JuG+u74mvjvcm8vj8pI5XiHy1zDeoCS2LB1spIq7Ay0=
go.opentelemetry.io/otel/exporters/stdout/stdoutmetric v1.36.0 h1:rixTyDGXFxRy1xzhKrotaHy3/KXdPhlWARrCgK+eqUY=
go.opentelemetry.io/otel/exporters/stdout/stdoutmetric v1.36.0/go.mod h1:dowW6UsM9MKbJq5JTz2AMVp3/5iW5I/TStsk8S+CfHw=
go.opentelemetry.io/otel/exporters/stdout/stdoutmetric v1.43.0 h1:TC+BewnDpeiAmcscXbGMfxkO+mwYUwE/VySwvw88PfA=
go.opentelemetry.io/otel/exporters/zipkin v1.43.0 h1:EOCmLBQ5iUZQ8pK+cWObn6pBD/bFFcltwErVcf22TUU=
go.opentelemetry.io/otel/exporters/zipkin v1.43.0/go.mod h1:GReAT1nAoWUpGpvDmWh1QawwJMnBkz9XdU7yW4i3XxM=
go.opentelemetry.io/otel/metric v1.43.0 h1:d7638QeInOnuwOONPp4JAOGfbCEpYb+K6DVWvdxGzgM=
go.opentelemetry.io/otel/metric v1.43.0/go.mod h1:RDnPtIxvqlgO8GRW18W6Z/4P462ldprJtfxHxyKd2PY=
go.opentelemetry.io/otel/sdk v1.43.0 h1:pi5mE86i5rTeLXqoF/hhiBtUNcrAGHLKQdhg4h4V9Dg=
go.opentelemetry.io/otel/sdk v1.43.0/go.mod h1:P+IkVU3iWukmiit/Yf9AWvpyRDlUeBaRg6Y+C58QHzg=
go.opentelemetry.io/otel/sdk/metric v1.43.0 h1:S88dyqXjJkuBNLeMcVPRFXpRw2fuwdvfCGLEo89fDkw=
go.opentelemetry.io/otel/sdk/metric v1.43.0/go.mod h1:C/RJtwSEJ5hzTiUz5pXF1kILHStzb9zFlIEe85bhj6A=
go.opentelemetry.io/otel/trace v1.43.0 h1:BkNrHpup+4k4w+ZZ86CZoHHEkohws8AY+WTX09nk+3A=
go.opentelemetry.io/otel/trace v1.43.0/go.mod h1:/QJhyVBUUswCphDVxq+8mld+AvhXZLhe+8WVFxiFff0=
go.uber.org/goleak v1.3.0 h1:2K3zAYmnTNqV73imy9J1T3WC+gmCePx2hEGkimedGto=
go.uber.org/goleak v1.3.0/go.mod h1:CoHD4mav9JJNrW/WLlf7HGZPjdw8EucARQHekz1X6bE=
go.uber.org/mock v0.6.0 h1:hyF9dfmbgIX5EfOdasqLsWD6xqpNZlXblLB/Dbnwv3Y=
go.uber.org/mock v0.6.0/go.mod h1:KiVJ4BqZJaMj4svdfmHM0AUx4NJYO8ZNpPnZn1Z+BBU=
go.uber.org/multierr v1.11.0 h1:blXXJkSxSSfBVBlC76pxqeO+LN3aDfLQo+309xJstO0=
go.uber.org/multierr v1.11.0/go.mod h1:20+QtiLqy0Nd6FdQB9TLXag12DsQkrbs3htMFfDN80Y=
go.uber.org/zap v1.27.1 h1:08RqriUEv8+ArZRYSTXy1LeBScaMpVSTBhCeaZYfMYc=
go.uber.org/zap v1.27.1/go.mod h1:GB2qFLM7cTU87MWRP2mPIjqfIDnGu+VIO4V/SdhGo2E=
go.yaml.in/yaml/v2 v2.4.3 h1:6gvOSjQoTB3vt1l+CU+tSyi/HOjfOjRLJ4YwYZGwRO0=
go.yaml.in/yaml/v2 v2.4.3/go.mod h1:zSxWcmIDjOzPXpjlTTbAsKokqkDNAVtZO0WOMiT90s8=
go.yaml.in/yaml/v2 v2.4.4 h1:tuyd0P+2Ont/d6e2rl3be67goVK4R6deVxCUX5vyPaQ=
go.yaml.in/yaml/v2 v2.4.4/go.mod h1:gMZqIpDtDqOfM0uNfy0SkpRhvUryYH0Z6wdMYcacYXQ=
golang.org/x/arch v0.23.0 h1:lKF64A2jF6Zd8L0knGltUnegD62JMFBiCPBmQpToHhg=
golang.org/x/arch v0.23.0/go.mod h1:dNHoOeKiyja7GTvF9NJS1l3Z2yntpQNzgrjh1cU103A=
golang.org/x/arch v0.26.0 h1:jZ6dpec5haP/fUv1kLCbuJy6dnRrfX6iVK08lZBFpk4=
golang.org/x/arch v0.26.0/go.mod h1:0X+GdSIP+kL5wPmpK7sdkEVTt2XoYP0cSjQSbZBwOi8=
golang.org/x/crypto v0.0.0-20190308221718-c2843e01d9a2/go.mod h1:djNgcEr1/C05ACkg1iLfiJU5Ep61QUkGW8qpdssI0+w=
golang.org/x/crypto v0.0.0-20191011191535-87dc89f01550/go.mod h1:yigFU9vqHzYiE8UmvKecakEJjdnWj3jj499lnFckfCI=
golang.org/x/crypto v0.0.0-20210921155107-089bfa567519/go.mod h1:GvvjBRRGRdwPK5ydBHafDWAxML/pGHZbMvKqRZ5+Abc=
golang.org/x/crypto v0.49.0 h1:+Ng2ULVvLHnJ/ZFEq4KdcDd/cfjrrjjNSXNzxg0Y4U4=
golang.org/x/crypto v0.49.0/go.mod h1:ErX4dUh2UM+CFYiXZRTcMpEcN8b/1gxEuv3nODoYtCA=
golang.org/x/crypto v0.50.0 h1:zO47/JPrL6vsNkINmLoo/PH1gcxpls50DNogFvB5ZGI=
golang.org/x/crypto v0.50.0/go.mod h1:3muZ7vA7PBCE6xgPX7nkzzjiUq87kRItoJQM1Yo8S+Q=
golang.org/x/mod v0.4.2/go.mod h1:s0Qsj1ACt9ePp/hMypM3fl4fZqREWJwdYDEqhRiZZUA=
golang.org/x/mod v0.6.0-dev.0.20220419223038-86c51ed26bb4/go.mod h1:jJ57K6gSWd91VN4djpZkiMVwK6gcyfeH4XE8wZrZaV4=
golang.org/x/net v0.0.0-20190404232315-eb5bcb51f2a3/go.mod h1:t9HGtf8HONx5eT2rtn7q6eTqICYqUVnKs3thJo3Qplg=
golang.org/x/net v0.0.0-20190620200207-3b0461eec859/go.mod h1:z5CRVTTTmAJ677TzLLGU+0bjPO0LkuOLi4/5GtJWs/s=
golang.org/x/net v0.0.0-20210226172049-e18ecbb05110/go.mod h1:m0MpNAwzfU5UDzcl9v0D8zg8gWTRqZa9RBIspLL5mdg=
golang.org/x/net v0.0.0-20210405180319-a5a99cb37ef4/go.mod h1:p54w0d4576C0XHj96bSt6lcn1PtDYWL6XObtHCRCNQM=
golang.org/x/net v0.0.0-20220722155237-a158d28d115b/go.mod h1:XRhObCWvk6IyKnWLug+ECip1KBveYUHfp+8e9klMJ9c=
golang.org/x/net v0.52.0 h1:He/TN1l0e4mmR3QqHMT2Xab3Aj3L9qjbhRm78/6jrW0=
golang.org/x/net v0.52.0/go.mod h1:R1MAz7uMZxVMualyPXb+VaqGSa3LIaUqk0eEt3w36Sw=
golang.org/x/net v0.53.0 h1:d+qAbo5L0orcWAr0a9JweQpjXF19LMXJE8Ey7hwOdUA=
golang.org/x/net v0.53.0/go.mod h1:JvMuJH7rrdiCfbeHoo3fCQU24Lf5JJwT9W3sJFulfgs=
golang.org/x/oauth2 v0.36.0 h1:peZ/1z27fi9hUOFCAZaHyrpWG5lwe0RJEEEeH0ThlIs=
golang.org/x/oauth2 v0.36.0/go.mod h1:YDBUJMTkDnJS+A4BP4eZBjCqtokkg1hODuPjwiGPO7Q=
golang.org/x/sync v0.0.0-20190423024810-112230192c58/go.mod h1:RxMgew5VJxzue5/jJTE5uejpjVlOe/izrB70Jof72aM=
golang.org/x/sync v0.0.0-20210220032951-036812b2e83c/go.mod h1:RxMgew5VJxzue5/jJTE5uejpjVlOe/izrB70Jof72aM=
golang.org/x/sync v0.0.0-20220722155255-886fb9371eb4/go.mod h1:RxMgew5VJxzue5/jJTE5uejpjVlOe/izrB70Jof72aM=
golang.org/x/sync v0.20.0 h1:e0PTpb7pjO8GAtTs2dQ6jYa5BWYlMuX047Dco/pItO4=
golang.org/x/sync v0.20.0/go.mod h1:9xrNwdLfx4jkKbNva9FpL6vEN7evnE43NNNJQ2LF3+0=
golang.org/x/sys v0.0.0-20190215142949-d0b11bdaac8a/go.mod h1:STP8DvDyc/dI5b8T5hshtkjS+E42TnysNCUPdjciGhY=
golang.org/x/sys v0.0.0-20190412213103-97732733099d/go.mod h1:h1NjWce9XRLGQEsW7wpKNCjG9DtNlClVuFLEZdDNbEs=
golang.org/x/sys v0.0.0-20201119102817-f84b799fce68/go.mod h1:h1NjWce9XRLGQEsW7wpKNCjG9DtNlClVuFLEZdDNbEs=
golang.org/x/sys v0.0.0-20210330210617-4fbd30eecc44/go.mod h1:h1NjWce9XRLGQEsW7wpKNCjG9DtNlClVuFLEZdDNbEs=
golang.org/x/sys v0.0.0-20210510120138-977fb7262007/go.mod h1:oPkhp1MJrh7nUepCBck5+mAzfO9JrbApNNgaTdGDITg=
golang.org/x/sys v0.0.0-20210615035016-665e8c7367d1/go.mod h1:oPkhp1MJrh7nUepCBck5+mAzfO9JrbApNNgaTdGDITg=
golang.org/x/sys v0.0.0-20220520151302-bc2c85ada10a/go.mod h1:oPkhp1MJrh7nUepCBck5+mAzfO9JrbApNNgaTdGDITg=
golang.org/x/sys v0.0.0-20220722155257-8c9f86f7a55f/go.mod h1:oPkhp1MJrh7nUepCBck5+mAzfO9JrbApNNgaTdGDITg=
golang.org/x/sys v0.6.0/go.mod h1:oPkhp1MJrh7nUepCBck5+mAzfO9JrbApNNgaTdGDITg=
golang.org/x/sys v0.42.0 h1:omrd2nAlyT5ESRdCLYdm3+fMfNFE/+Rf4bDIQImRJeo=
golang.org/x/sys v0.42.0/go.mod h1:4GL1E5IUh+htKOUEOaiffhrAeqysfVGipDYzABqnCmw=
golang.org/x/sys v0.43.0 h1:Rlag2XtaFTxp19wS8MXlJwTvoh8ArU6ezoyFsMyCTNI=
golang.org/x/sys v0.43.0/go.mod h1:4GL1E5IUh+htKOUEOaiffhrAeqysfVGipDYzABqnCmw=
golang.org/x/term v0.0.0-20201126162022-7de9c90e9dd1/go.mod h1:bj7SfCRtBDWHUb9snDiAeCFNEtKQo2Wmx5Cou7ajbmo=
golang.org/x/term v0.0.0-20210927222741-03fcf44c2211/go.mod h1:jbD1KX2456YbFQfuXm/mYQcufACuNUgVhRMnK/tPxf8=
golang.org/x/text v0.3.0/go.mod h1:NqM8EUOU14njkJ3fqMW+pc6Ldnwhi/IjpwHt7yyuwOQ=
golang.org/x/text v0.3.3/go.mod h1:5Zoc/QRtKVWzQhOtBMvqHzDpF6irO9z98xDceosuGiQ=
golang.org/x/text v0.3.7/go.mod h1:u+2+/6zg+i71rQMx5EYifcz6MCKuco9NR6JIITiCfzQ=
golang.org/x/text v0.3.8/go.mod h1:E6s5w1FMmriuDzIBO73fBruAKo1PCIq6d2Q6DHfQ8WQ=
golang.org/x/text v0.35.0 h1:JOVx6vVDFokkpaq1AEptVzLTpDe9KGpj5tR4/X+ybL8=
golang.org/x/text v0.35.0/go.mod h1:khi/HExzZJ2pGnjenulevKNX1W67CUy0AsXcNubPGCA=
golang.org/x/text v0.36.0 h1:JfKh3XmcRPqZPKevfXVpI1wXPTqbkE5f7JA92a55Yxg=
golang.org/x/text v0.36.0/go.mod h1:NIdBknypM8iqVmPiuco0Dh6P5Jcdk8lJL0CUebqK164=
golang.org/x/time v0.15.0 h1:bbrp8t3bGUeFOx08pvsMYRTCVSMk89u4tKbNOZbp88U=
golang.org/x/time v0.15.0/go.mod h1:Y4YMaQmXwGQZoFaVFk4YpCt4FLQMYKZe9oeV/f4MSno=
golang.org/x/tools v0.0.0-20180917221912-90fa682c2a6e/go.mod h1:n7NCudcB/nEzxVGmLbDWY5pfWTLqBcC2KZ6jyYvM4mQ=
golang.org/x/tools v0.0.0-20191119224855-298f0cb1881e/go.mod h1:b+2E5dAYhXwXZwtnZ6UAqBI28+e2cm9otk0dWdXHAEo=
golang.org/x/tools v0.1.1/go.mod h1:o0xws9oXOQQZyjljx8fwUC0k7L1pTE6eaCbjGeHmOkk=
golang.org/x/tools v0.1.12/go.mod h1:hNGJHUnrk76NpqgfD5Aqm5Crs+Hm0VOH/i9J2+nxYbc=
golang.org/x/xerrors v0.0.0-20190717185122-a985d3407aa7/go.mod h1:I/5z698sn9Ka8TeJc9MKroUUfqBBauWjQqLJ2OPfmY0=
golang.org/x/xerrors v0.0.0-20191011141410-1b5146add898/go.mod h1:I/5z698sn9Ka8TeJc9MKroUUfqBBauWjQqLJ2OPfmY0=
golang.org/x/xerrors v0.0.0-20191204190536-9bdfabe68543/go.mod h1:I/5z698sn9Ka8TeJc9MKroUUfqBBauWjQqLJ2OPfmY0=
golang.org/x/xerrors v0.0.0-20200804184101-5ec99f83aff1/go.mod h1:I/5z698sn9Ka8TeJc9MKroUUfqBBauWjQqLJ2OPfmY0=
gonum.org/v1/gonum v0.17.0 h1:VbpOemQlsSMrYmn7T2OUvQ4dqxQXU+ouZFQsZOx50z4=
gonum.org/v1/gonum v0.17.0/go.mod h1:El3tOrEuMpv2UdMrbNlKEh9vd86bmQ6vqIcDwxEOc1E=
google.golang.org/api v0.276.0 h1:nVArUtfLEihtW+b0DdcqRGK1xoEm2+ltAihyztq7MKY=
google.golang.org/api v0.276.0/go.mod h1:Fnag/EWUPIcJXuIkP1pjoTgS5vdxlk3eeemL7Do6bvw=
google.golang.org/appengine v1.6.8 h1:IhEN5q69dyKagZPYMSdIjS2HqprW324FRQZJcGqPAsM=
google.golang.org/appengine/v2 v2.0.6 h1:LvPZLGuchSBslPBp+LAhihBeGSiRh1myRoYK4NtuBIw=
google.golang.org/appengine/v2 v2.0.6/go.mod h1:WoEXGoXNfa0mLvaH5sV3ZSGXwVmy8yf7Z1JKf3J3wLI=
google.golang.org/genproto v0.0.0-20260319201613-d00831a3d3e7 h1:XzmzkmB14QhVhgnawEVsOn6OFsnpyxNPRY9QV01dNB0=
google.golang.org/genproto v0.0.0-20260319201613-d00831a3d3e7/go.mod h1:L43LFes82YgSonw6iTXTxXUX1OlULt4AQtkik4ULL/I=
google.golang.org/genproto v0.0.0-20260414002931-afd174a4e478 h1:aLsVTW0lZ8+IY5u/ERjZSCvAmhuR7slKzyha3YikDNA=
google.golang.org/genproto v0.0.0-20260414002931-afd174a4e478/go.mod h1:YJAzKjfHIUHb9T+bfu8L7mthAp7VVXQBUs1PLdBWS7M=
google.golang.org/genproto/googleapis/api v0.0.0-20260319201613-d00831a3d3e7 h1:41r6JMbpzBMen0R/4TZeeAmGXSJC7DftGINUodzTkPI=
google.golang.org/genproto/googleapis/api v0.0.0-20260319201613-d00831a3d3e7/go.mod h1:EIQZ5bFCfRQDV4MhRle7+OgjNtZ6P1PiZBgAKuxXu/Y=
google.golang.org/genproto/googleapis/api v0.0.0-20260414002931-afd174a4e478 h1:yQugLulqltosq0B/f8l4w9VryjV+N/5gcW0jQ3N8Qec=
google.golang.org/genproto/googleapis/api v0.0.0-20260414002931-afd174a4e478/go.mod h1:C6ADNqOxbgdUUeRTU+LCHDPB9ttAMCTff6auwCVa4uc=
google.golang.org/genproto/googleapis/rpc v0.0.0-20260401024825-9d38bb4040a9 h1:m8qni9SQFH0tJc1X0vmnpw/0t+AImlSvp30sEupozUg=
google.golang.org/genproto/googleapis/rpc v0.0.0-20260401024825-9d38bb4040a9/go.mod h1:4Hqkh8ycfw05ld/3BWL7rJOSfebL2Q+DVDeRgYgxUU8=
google.golang.org/genproto/googleapis/rpc v0.0.0-20260414002931-afd174a4e478 h1:RmoJA1ujG+/lRGNfUnOMfhCy5EipVMyvUE+KNbPbTlw=
google.golang.org/genproto/googleapis/rpc v0.0.0-20260414002931-afd174a4e478/go.mod h1:4Hqkh8ycfw05ld/3BWL7rJOSfebL2Q+DVDeRgYgxUU8=
google.golang.org/grpc v1.80.0 h1:Xr6m2WmWZLETvUNvIUmeD5OAagMw3FiKmMlTdViWsHM=
google.golang.org/grpc v1.80.0/go.mod h1:ho/dLnxwi3EDJA4Zghp7k2Ec1+c2jqup0bFkw07bwF4=
google.golang.org/protobuf v1.26.0-rc.1/go.mod h1:jlhhOSvTdKEhbULTjvd4ARK9grFBp09yW+WbY/TyQbw=
google.golang.org/protobuf v1.30.0/go.mod h1:HV8QOd/L58Z+nl8r43ehVNZIU/HEI6OcFqwMG9pJV4I=
google.golang.org/protobuf v1.36.11 h1:fV6ZwhNocDyBLK0dj+fg8ektcVegBBuEolpbTQyBNVE=
google.golang.org/protobuf v1.36.11/go.mod h1:HTf+CrKn2C3g5S8VImy6tdcUvCska2kB7j23XfzDpco=
gopkg.in/check.v1 v0.0.0-20161208181325-20d25e280405/go.mod h1:Co6ibVJAznAaIkqp8huTwlJQCZ016jof/cbN4VW5Yz0=
gopkg.in/check.v1 v1.0.0-20201130134442-10cb98267c6c h1:Hei/4ADfdWqJk1ZMxUNpqntNwaWcugrBjAiHlqqRiVk=
gopkg.in/check.v1 v1.0.0-20201130134442-10cb98267c6c/go.mod h1:JHkPIbrfpd72SG/EVd6muEfDQjcINNoR0C8j2r3qZ4Q=
gopkg.in/h2non/gock.v1 v1.1.2 h1:jBbHXgGBK/AoPVfJh5x4r/WxIrElvbLel8TCZkkZJoY=
gopkg.in/h2non/gock.v1 v1.1.2/go.mod h1:n7UGz/ckNChHiK05rDoiC4MYSunEC/lyaUm2WWaDva0=
gopkg.in/yaml.v2 v2.2.8 h1:obN1ZagJSUGI0Ek/LBmuj4SNLPfIny3KsKFopxRdj10=
gopkg.in/yaml.v2 v2.2.8/go.mod h1:hI93XBmqTisBFMUTm0b8Fm+jr3Dg1NNxqwp+5A1VGuI=
gopkg.in/yaml.v3 v3.0.0-20200313102051-9f266ea9e77c/go.mod h1:K4uyk7z7BCEPqu6E+C64Yfv1cQ7kz7rIZviUmN+EgEM=
gopkg.in/yaml.v3 v3.0.1 h1:fxVm/GzAzEWqLHuvctI91KS9hhNmmWOoWu0XTYJS7CA=
gopkg.in/yaml.v3 v3.0.1/go.mod h1:K4uyk7z7BCEPqu6E+C64Yfv1cQ7kz7rIZviUmN+EgEM=
